
Microsoft Visual Studio Solution File, Format Version 12.00
# Visual Studio 15
VisualStudioVersion = 15.0.26430.16
MinimumVisualStudioVersion = 10.0.40219.1
Project("{8BC9CEB8-8B4A-11D0-8D11-00A0C91BC942}") = "Crypto", "Crypto\Crypto.vcxproj", "{0AD334D6-E7C6-437D-B936-368013A037A7}"
EndProject
Project("{8BC9CEB8-8B4A-11D0-8D11-00A0C91BC942}") = "DataStructure", "DataStructure\DataStructure.vcxproj", "{38EB5877-9D6A-488E-8137-7C51AABE2226}"
EndProject
Global
	GlobalSection(SolutionConfigurationPlatforms) = preSolution
		Debug|Any CPU = Debug|Any CPU
		Debug|x64 = Debug|x64
		Debug|x86 = Debug|x86
		Release|Any CPU = Release|Any CPU
		Release|x64 = Release|x64
		Release|x86 = Release|x86
	EndGlobalSection
	GlobalSection(ProjectConfigurationPlatforms) = postSolution
		{0AD334D6-E7C6-437D-B936-368013A037A7}.Debug|Any CPU.ActiveCfg = Debug|Win32
		{0AD334D6-E7C6-437D-B936-368013A037A7}.Debug|Any CPU.Build.0 = Debug|Win32
		{0AD334D6-E7C6-437D-B936-368013A037A7}.Debug|x64.ActiveCfg = Debug|x64
		{0AD334D6-E7C6-437D-B936-368013A037A7}.Debug|x64.Build.0 = Debug|x64
		{0AD334D6-E7C6-437D-B936-368013A037A7}.Debug|x86.ActiveCfg = Debug|Win32
		{0AD334D6-E7C6-437D-B936-368013A037A7}.Debug|x86.Build.0 = Debug|Win32
		{0AD334D6-E7C6-437D-B936-368013A037A7}.Release|Any CPU.ActiveCfg = Release|Win32
		{0AD334D6-E7C6-437D-B936-368013A037A7}.Release|x64.ActiveCfg = Release|x64
		{0AD334D6-E7C6-437D-B936-368013A037A7}.Release|x64.Build.0 = Release|x64
		{0AD334D6-E7C6-437D-B936-368013A037A7}.Release|x86.ActiveCfg = Release|Win32
		{0AD334D6-E7C6-437D-B936-368013A037A7}.Release|x86.Build.0 = Release|Win32
		{38EB5877-9D6A-488E-8137-7C51AABE2226}.Debug|Any CPU.ActiveCfg = Debug|Win32
		{38EB5877-9D6A-488E-8137-7C51AABE2226}.Debug|Any CPU.Build.0 = Debug|Win32
		{38EB5877-9D6A-488E-8137-7C51AABE2226}.Debug|x64.ActiveCfg = Debug|x64
		{38EB5877-9D6A-488E-8137-7C51AABE2226}.Debug|x64.Build.0 = Debug|x64
		{38EB5877-9D6A-488E-8137-7C51AABE2226}.Debug|x86.ActiveCfg = Debug|Win32
		{38EB5877-9D6A-488E-8137-7C51AABE2226}.Debug|x86.Build.0 = Debug|Win32
		{38EB5877-9D6A-488E-8137-7C51AABE2226}.Release|Any CPU.ActiveCfg = Release|Win32
		{38EB5877-9D6A-488E-8137-7C51AABE2226}.Release|x64.ActiveCfg = Release|x64
		{38EB5877-9D6A-488E-8137-7C51AABE2226}.Release|x64.Build.0 = Release|x64
		{38EB5877-9D6A-488E-8137-7C51AABE2226}.Release|x86.ActiveCfg = Release|Win32
		{38EB5877-9D6A-488E-8137-7C51AABE2226}.Release|x86.Build.0 = Release|Win32
	EndGlobalSection
	GlobalSection(SolutionProperties) = preSolution
		HideSolutionNode = FALSE
	EndGlobalSection
	GlobalSection(Performance) = preSolution
		HasPerformanceSessions = true
	EndGlobalSection
EndGlobal
