
Microsoft Visual Studio Solution File, Format Version 12.00
# Visual Studio 15
VisualStudioVersion = 15.0.27130.2010
MinimumVisualStudioVersion = 10.0.40219.1
Project("{8BC9CEB8-8B4A-11D0-8D11-00A0C91BC942}") = "UnitTest", "UnitTest\UnitTest.vcxproj", "{F6D50DD9-9C78-4204-8C9A-80107336F017}"
	ProjectSection(ProjectDependencies) = postProject
		{EAC4220E-E4D0-40BD-973F-9EE3485917C6} = {EAC4220E-E4D0-40BD-973F-9EE3485917C6}
	EndProjectSection
EndProject
Project("{8BC9CEB8-8B4A-11D0-8D11-00A0C91BC942}") = "DataStructures", "DataStructures\DataStructures.vcxproj", "{EAC4220E-E4D0-40BD-973F-9EE3485917C6}"
EndProject
Global
	GlobalSection(SolutionConfigurationPlatforms) = preSolution
		Debug|x64 = Debug|x64
		Debug|x86 = Debug|x86
		Release|x64 = Release|x64
		Release|x86 = Release|x86
	EndGlobalSection
	GlobalSection(ProjectConfigurationPlatforms) = postSolution
		{F6D50DD9-9C78-4204-8C9A-80107336F017}.Debug|x64.ActiveCfg = Debug|x64
		{F6D50DD9-9C78-4204-8C9A-80107336F017}.Debug|x64.Build.0 = Debug|x64
		{F6D50DD9-9C78-4204-8C9A-80107336F017}.Debug|x86.ActiveCfg = Debug|x64
		{F6D50DD9-9C78-4204-8C9A-80107336F017}.Debug|x86.Build.0 = Debug|x64
		{F6D50DD9-9C78-4204-8C9A-80107336F017}.Release|x64.ActiveCfg = Release|x64
		{F6D50DD9-9C78-4204-8C9A-80107336F017}.Release|x64.Build.0 = Release|x64
		{F6D50DD9-9C78-4204-8C9A-80107336F017}.Release|x86.ActiveCfg = Release|Win32
		{F6D50DD9-9C78-4204-8C9A-80107336F017}.Release|x86.Build.0 = Release|Win32
		{EAC4220E-E4D0-40BD-973F-9EE3485917C6}.Debug|x64.ActiveCfg = Debug|x64
		{EAC4220E-E4D0-40BD-973F-9EE3485917C6}.Debug|x64.Build.0 = Debug|x64
		{EAC4220E-E4D0-40BD-973F-9EE3485917C6}.Debug|x86.ActiveCfg = Debug|Win32
		{EAC4220E-E4D0-40BD-973F-9EE3485917C6}.Debug|x86.Build.0 = Debug|Win32
		{EAC4220E-E4D0-40BD-973F-9EE3485917C6}.Release|x64.ActiveCfg = Release|x64
		{EAC4220E-E4D0-40BD-973F-9EE3485917C6}.Release|x64.Build.0 = Release|x64
		{EAC4220E-E4D0-40BD-973F-9EE3485917C6}.Release|x86.ActiveCfg = Release|Win32
		{EAC4220E-E4D0-40BD-973F-9EE3485917C6}.Release|x86.Build.0 = Release|Win32
	EndGlobalSection
	GlobalSection(SolutionProperties) = preSolution
		HideSolutionNode = FALSE
	EndGlobalSection
	GlobalSection(ExtensibilityGlobals) = postSolution
		SolutionGuid = {CAA123B8-FE5F-4D25-B0C0-E2FF4AE23A2B}
	EndGlobalSection
EndGlobal
